
Microsoft Visual Studio Solution File, Format Version 12.00
# Visual Studio Version 17
VisualStudioVersion = 17.9.34728.123
MinimumVisualStudioVersion = 10.0.40219.1
Project("{2150E333-8FDC-42A3-9474-1A3956D46DE8}") = "src", "src", "{D6CBBC34-F363-4836-84B6-F9836D0B2613}"
EndProject
Project("{2150E333-8FDC-42A3-9474-1A3956D46DE8}") = "Core", "Core", "{986CBC4B-F1A8-4711-B889-11D142A1A784}"
EndProject
Project("{9A19103F-16F7-4668-BE54-9A1E7A4F7556}") = "Domain", "Domain\Domain.csproj", "{949064B8-ACCD-4F5B-BBA7-556CCAA69672}"
EndProject
Project("{9A19103F-16F7-4668-BE54-9A1E7A4F7556}") = "Application", "Application\Application.csproj", "{B1E0DBDE-CEB8-4806-9E85-08176F364932}"
EndProject
Project("{9A19103F-16F7-4668-BE54-9A1E7A4F7556}") = "Infrastructure", "Infrastructure\Infrastructure.csproj", "{260487E0-5276-4A02-ABE3-81819C017ABE}"
EndProject
Project("{9A19103F-16F7-4668-BE54-9A1E7A4F7556}") = "Common", "Common\Common.csproj", "{81167613-6DFF-4ACA-B3F9-2680004DC698}"
EndProject
Project("{9A19103F-16F7-4668-BE54-9A1E7A4F7556}") = "WebApi", "WebApi\WebApi.csproj", "{B272D29D-DB85-4247-A01B-C5CC0F305F33}"
EndProject
Project("{2150E333-8FDC-42A3-9474-1A3956D46DE8}") = "ui", "ui", "{1C0917E9-154F-4AE7-AE19-FA6271BE5C38}"
EndProject
Project("{FAE04EC0-301F-11D3-BF4B-00C04F79EFBC}") = "BankUI", "BankUI\BankUI.csproj", "{F5E6E514-7405-489D-9D8F-383C8621E9D0}"
EndProject
Global
	GlobalSection(SolutionConfigurationPlatforms) = preSolution
		Debug|Any CPU = Debug|Any CPU
		Release|Any CPU = Release|Any CPU
	EndGlobalSection
	GlobalSection(ProjectConfigurationPlatforms) = postSolution
		{949064B8-ACCD-4F5B-BBA7-556CCAA69672}.Debug|Any CPU.ActiveCfg = Debug|Any CPU
		{949064B8-ACCD-4F5B-BBA7-556CCAA69672}.Debug|Any CPU.Build.0 = Debug|Any CPU
		{949064B8-ACCD-4F5B-BBA7-556CCAA69672}.Release|Any CPU.ActiveCfg = Release|Any CPU
		{949064B8-ACCD-4F5B-BBA7-556CCAA69672}.Release|Any CPU.Build.0 = Release|Any CPU
		{B1E0DBDE-CEB8-4806-9E85-08176F364932}.Debug|Any CPU.ActiveCfg = Debug|Any CPU
		{B1E0DBDE-CEB8-4806-9E85-08176F364932}.Debug|Any CPU.Build.0 = Debug|Any CPU
		{B1E0DBDE-CEB8-4806-9E85-08176F364932}.Release|Any CPU.ActiveCfg = Release|Any CPU
		{B1E0DBDE-CEB8-4806-9E85-08176F364932}.Release|Any CPU.Build.0 = Release|Any CPU
		{260487E0-5276-4A02-ABE3-81819C017ABE}.Debug|Any CPU.ActiveCfg = Debug|Any CPU
		{260487E0-5276-4A02-ABE3-81819C017ABE}.Debug|Any CPU.Build.0 = Debug|Any CPU
		{260487E0-5276-4A02-ABE3-81819C017ABE}.Release|Any CPU.ActiveCfg = Release|Any CPU
		{260487E0-5276-4A02-ABE3-81819C017ABE}.Release|Any CPU.Build.0 = Release|Any CPU
		{81167613-6DFF-4ACA-B3F9-2680004DC698}.Debug|Any CPU.ActiveCfg = Debug|Any CPU
		{81167613-6DFF-4ACA-B3F9-2680004DC698}.Debug|Any CPU.Build.0 = Debug|Any CPU
		{81167613-6DFF-4ACA-B3F9-2680004DC698}.Release|Any CPU.ActiveCfg = Release|Any CPU
		{81167613-6DFF-4ACA-B3F9-2680004DC698}.Release|Any CPU.Build.0 = Release|Any CPU
		{B272D29D-DB85-4247-A01B-C5CC0F305F33}.Debug|Any CPU.ActiveCfg = Debug|Any CPU
		{B272D29D-DB85-4247-A01B-C5CC0F305F33}.Debug|Any CPU.Build.0 = Debug|Any CPU
		{B272D29D-DB85-4247-A01B-C5CC0F305F33}.Release|Any CPU.ActiveCfg = Release|Any CPU
		{B272D29D-DB85-4247-A01B-C5CC0F305F33}.Release|Any CPU.Build.0 = Release|Any CPU
		{F5E6E514-7405-489D-9D8F-383C8621E9D0}.Debug|Any CPU.ActiveCfg = Debug|Any CPU
		{F5E6E514-7405-489D-9D8F-383C8621E9D0}.Debug|Any CPU.Build.0 = Debug|Any CPU
		{F5E6E514-7405-489D-9D8F-383C8621E9D0}.Release|Any CPU.ActiveCfg = Release|Any CPU
		{F5E6E514-7405-489D-9D8F-383C8621E9D0}.Release|Any CPU.Build.0 = Release|Any CPU
	EndGlobalSection
	GlobalSection(SolutionProperties) = preSolution
		HideSolutionNode = FALSE
	EndGlobalSection
	GlobalSection(NestedProjects) = preSolution
		{986CBC4B-F1A8-4711-B889-11D142A1A784} = {D6CBBC34-F363-4836-84B6-F9836D0B2613}
		{949064B8-ACCD-4F5B-BBA7-556CCAA69672} = {986CBC4B-F1A8-4711-B889-11D142A1A784}
		{B1E0DBDE-CEB8-4806-9E85-08176F364932} = {986CBC4B-F1A8-4711-B889-11D142A1A784}
		{260487E0-5276-4A02-ABE3-81819C017ABE} = {D6CBBC34-F363-4836-84B6-F9836D0B2613}
		{81167613-6DFF-4ACA-B3F9-2680004DC698} = {D6CBBC34-F363-4836-84B6-F9836D0B2613}
		{B272D29D-DB85-4247-A01B-C5CC0F305F33} = {D6CBBC34-F363-4836-84B6-F9836D0B2613}
		{1C0917E9-154F-4AE7-AE19-FA6271BE5C38} = {D6CBBC34-F363-4836-84B6-F9836D0B2613}
		{F5E6E514-7405-489D-9D8F-383C8621E9D0} = {1C0917E9-154F-4AE7-AE19-FA6271BE5C38}
	EndGlobalSection
	GlobalSection(ExtensibilityGlobals) = postSolution
		SolutionGuid = {E8069EC7-31FA-4A3C-9572-991BF9F26437}
	EndGlobalSection
EndGlobal
